
Microsoft Visual Studio Solution File, Format Version 12.00
# Visual Studio Version 16
VisualStudioVersion = 16.0.29926.136
MinimumVisualStudioVersion = 10.0.40219.1
Project("{FAE04EC0-301F-11D3-BF4B-00C04F79EFBC}") = "First_Square_Brackets", "First_Square_Brackets\First_Square_Brackets.csproj", "{2A472314-A9B0-4C5F-BE1F-226A87BF879C}"
EndProject
Global
	GlobalSection(SolutionConfigurationPlatforms) = preSolution
		Debug|Any CPU = Debug|Any CPU
		Release|Any CPU = Release|Any CPU
	EndGlobalSection
	GlobalSection(ProjectConfigurationPlatforms) = postSolution
		{2A472314-A9B0-4C5F-BE1F-226A87BF879C}.Debug|Any CPU.ActiveCfg = Debug|Any CPU
		{2A472314-A9B0-4C5F-BE1F-226A87BF879C}.Debug|Any CPU.Build.0 = Debug|Any CPU
		{2A472314-A9B0-4C5F-BE1F-226A87BF879C}.Release|Any CPU.ActiveCfg = Release|Any CPU
		{2A472314-A9B0-4C5F-BE1F-226A87BF879C}.Release|Any CPU.Build.0 = Release|Any CPU
	EndGlobalSection
	GlobalSection(SolutionProperties) = preSolution
		HideSolutionNode = FALSE
	EndGlobalSection
	GlobalSection(ExtensibilityGlobals) = postSolution
		SolutionGuid = {2394B449-8E45-4B97-B5E2-FD1F260FD6D9}
	EndGlobalSection
EndGlobal
